
Microsoft Visual Studio Solution File, Format Version 12.00
# Visual Studio 15
VisualStudioVersion = 15.0.28307.572
MinimumVisualStudioVersion = 10.0.40219.1
Project("{FAE04EC0-301F-11D3-BF4B-00C04F79EFBC}") = "BLL", "BLL\BLL.csproj", "{C1CCE19E-0AB5-4085-B9A5-CFA0B4907A17}"
EndProject
Project("{FAE04EC0-301F-11D3-BF4B-00C04F79EFBC}") = "DAL", "DAL\DAL.csproj", "{DC4C338A-1AA2-451D-951D-521CEC1BC09C}"
EndProject
Project("{FAE04EC0-301F-11D3-BF4B-00C04F79EFBC}") = "WpfUI", "WpfUI\WpfUI.csproj", "{732AA0BD-E14F-4625-B45D-56260A0279A4}"
EndProject
Global
	GlobalSection(SolutionConfigurationPlatforms) = preSolution
		Debug|Any CPU = Debug|Any CPU
		Release|Any CPU = Release|Any CPU
	EndGlobalSection
	GlobalSection(ProjectConfigurationPlatforms) = postSolution
		{C1CCE19E-0AB5-4085-B9A5-CFA0B4907A17}.Debug|Any CPU.ActiveCfg = Debug|Any CPU
		{C1CCE19E-0AB5-4085-B9A5-CFA0B4907A17}.Debug|Any CPU.Build.0 = Debug|Any CPU
		{C1CCE19E-0AB5-4085-B9A5-CFA0B4907A17}.Release|Any CPU.ActiveCfg = Release|Any CPU
		{C1CCE19E-0AB5-4085-B9A5-CFA0B4907A17}.Release|Any CPU.Build.0 = Release|Any CPU
		{DC4C338A-1AA2-451D-951D-521CEC1BC09C}.Debug|Any CPU.ActiveCfg = Debug|Any CPU
		{DC4C338A-1AA2-451D-951D-521CEC1BC09C}.Debug|Any CPU.Build.0 = Debug|Any CPU
		{DC4C338A-1AA2-451D-951D-521CEC1BC09C}.Release|Any CPU.ActiveCfg = Release|Any CPU
		{DC4C338A-1AA2-451D-951D-521CEC1BC09C}.Release|Any CPU.Build.0 = Release|Any CPU
		{732AA0BD-E14F-4625-B45D-56260A0279A4}.Debug|Any CPU.ActiveCfg = Debug|Any CPU
		{732AA0BD-E14F-4625-B45D-56260A0279A4}.Debug|Any CPU.Build.0 = Debug|Any CPU
		{732AA0BD-E14F-4625-B45D-56260A0279A4}.Release|Any CPU.ActiveCfg = Release|Any CPU
		{732AA0BD-E14F-4625-B45D-56260A0279A4}.Release|Any CPU.Build.0 = Release|Any CPU
	EndGlobalSection
	GlobalSection(SolutionProperties) = preSolution
		HideSolutionNode = FALSE
	EndGlobalSection
	GlobalSection(ExtensibilityGlobals) = postSolution
		SolutionGuid = {0949C693-BCBE-46E1-855A-A710AB1ADF8A}
	EndGlobalSection
EndGlobal
